
Microsoft Visual Studio Solution File, Format Version 12.00
# Visual Studio Version 17
VisualStudioVersion = 17.3.32922.545
MinimumVisualStudioVersion = 10.0.40219.1
Project("{FAE04EC0-301F-11D3-BF4B-00C04F79EFBC}") = "WebApp", "WebApp\WebApp.csproj", "{230C5D48-D6C4-4915-BC02-3DD54B2C9F90}"
EndProject
Global
	GlobalSection(SolutionConfigurationPlatforms) = preSolution
		Debug|Any CPU = Debug|Any CPU
		Release|Any CPU = Release|Any CPU
	EndGlobalSection
	GlobalSection(ProjectConfigurationPlatforms) = postSolution
		{230C5D48-D6C4-4915-BC02-3DD54B2C9F90}.Debug|Any CPU.ActiveCfg = Debug|Any CPU
		{230C5D48-D6C4-4915-BC02-3DD54B2C9F90}.Debug|Any CPU.Build.0 = Debug|Any CPU
		{230C5D48-D6C4-4915-BC02-3DD54B2C9F90}.Release|Any CPU.ActiveCfg = Release|Any CPU
		{230C5D48-D6C4-4915-BC02-3DD54B2C9F90}.Release|Any CPU.Build.0 = Release|Any CPU
	EndGlobalSection
	GlobalSection(SolutionProperties) = preSolution
		HideSolutionNode = FALSE
	EndGlobalSection
	GlobalSection(ExtensibilityGlobals) = postSolution
		SolutionGuid = {61044C9C-0DEF-4B07-A64B-7BF952770ACE}
	EndGlobalSection
EndGlobal
